
Microsoft Visual Studio Solution File, Format Version 12.00
# Visual Studio Version 17
VisualStudioVersion = 17.1.32421.90
MinimumVisualStudioVersion = 10.0.40219.1
Project("{FAE04EC0-301F-11D3-BF4B-00C04F79EFBC}") = "RFP_Day21_Mstest_Regex_Assignment", "RFP_Day21_Mstest_Regex_Assignment\RFP_Day21_Mstest_Regex_Assignment.csproj", "{7088BA22-52D0-4BA9-80E9-7F248AA550FD}"
EndProject
Global
	GlobalSection(SolutionConfigurationPlatforms) = preSolution
		Debug|Any CPU = Debug|Any CPU
		Release|Any CPU = Release|Any CPU
	EndGlobalSection
	GlobalSection(ProjectConfigurationPlatforms) = postSolution
		{7088BA22-52D0-4BA9-80E9-7F248AA550FD}.Debug|Any CPU.ActiveCfg = Debug|Any CPU
		{7088BA22-52D0-4BA9-80E9-7F248AA550FD}.Debug|Any CPU.Build.0 = Debug|Any CPU
		{7088BA22-52D0-4BA9-80E9-7F248AA550FD}.Release|Any CPU.ActiveCfg = Release|Any CPU
		{7088BA22-52D0-4BA9-80E9-7F248AA550FD}.Release|Any CPU.Build.0 = Release|Any CPU
	EndGlobalSection
	GlobalSection(SolutionProperties) = preSolution
		HideSolutionNode = FALSE
	EndGlobalSection
	GlobalSection(ExtensibilityGlobals) = postSolution
		SolutionGuid = {4455A3F3-9A3E-4644-8F59-234C2531533D}
	EndGlobalSection
EndGlobal
